
Microsoft Visual Studio Solution File, Format Version 12.00
# Visual Studio Version 16
VisualStudioVersion = 16.0.31911.196
MinimumVisualStudioVersion = 10.0.40219.1
Project("{8BC9CEB8-8B4A-11D0-8D11-00A0C91BC942}") = "consoleDungeonCrawler", "consoleDungeonCrawler\consoleDungeonCrawler.vcxproj", "{65FFCD2D-6962-411C-AF15-71AF7460F905}"
EndProject
Global
	GlobalSection(SolutionConfigurationPlatforms) = preSolution
		Debug|x64 = Debug|x64
		Debug|x86 = Debug|x86
		Release|x64 = Release|x64
		Release|x86 = Release|x86
	EndGlobalSection
	GlobalSection(ProjectConfigurationPlatforms) = postSolution
		{65FFCD2D-6962-411C-AF15-71AF7460F905}.Debug|x64.ActiveCfg = Debug|x64
		{65FFCD2D-6962-411C-AF15-71AF7460F905}.Debug|x64.Build.0 = Debug|x64
		{65FFCD2D-6962-411C-AF15-71AF7460F905}.Debug|x86.ActiveCfg = Debug|Win32
		{65FFCD2D-6962-411C-AF15-71AF7460F905}.Debug|x86.Build.0 = Debug|Win32
		{65FFCD2D-6962-411C-AF15-71AF7460F905}.Release|x64.ActiveCfg = Release|x64
		{65FFCD2D-6962-411C-AF15-71AF7460F905}.Release|x64.Build.0 = Release|x64
		{65FFCD2D-6962-411C-AF15-71AF7460F905}.Release|x86.ActiveCfg = Release|Win32
		{65FFCD2D-6962-411C-AF15-71AF7460F905}.Release|x86.Build.0 = Release|Win32
	EndGlobalSection
	GlobalSection(SolutionProperties) = preSolution
		HideSolutionNode = FALSE
	EndGlobalSection
	GlobalSection(ExtensibilityGlobals) = postSolution
		SolutionGuid = {00C2BF87-05C5-4F6F-A967-300DB75256C1}
	EndGlobalSection
EndGlobal
